
Microsoft Visual Studio Solution File, Format Version 12.00
# Visual Studio 15
VisualStudioVersion = 15.0.28307.168
MinimumVisualStudioVersion = 10.0.40219.1
Project("{FAE04EC0-301F-11D3-BF4B-00C04F79EFBC}") = "Generics", "Generics\Generics.csproj", "{293DF583-AA49-4477-9796-14FA0198DDDD}"
EndProject
Project("{FAE04EC0-301F-11D3-BF4B-00C04F79EFBC}") = "IntroToGenerics", "IntroToGenerics\IntroToGenerics.csproj", "{206577D3-4D0D-4B5F-AB26-6C036FDA369D}"
EndProject
Global
	GlobalSection(SolutionConfigurationPlatforms) = preSolution
		Debug|Any CPU = Debug|Any CPU
		Release|Any CPU = Release|Any CPU
	EndGlobalSection
	GlobalSection(ProjectConfigurationPlatforms) = postSolution
		{293DF583-AA49-4477-9796-14FA0198DDDD}.Debug|Any CPU.ActiveCfg = Debug|Any CPU
		{293DF583-AA49-4477-9796-14FA0198DDDD}.Debug|Any CPU.Build.0 = Debug|Any CPU
		{293DF583-AA49-4477-9796-14FA0198DDDD}.Release|Any CPU.ActiveCfg = Release|Any CPU
		{293DF583-AA49-4477-9796-14FA0198DDDD}.Release|Any CPU.Build.0 = Release|Any CPU
		{206577D3-4D0D-4B5F-AB26-6C036FDA369D}.Debug|Any CPU.ActiveCfg = Debug|Any CPU
		{206577D3-4D0D-4B5F-AB26-6C036FDA369D}.Debug|Any CPU.Build.0 = Debug|Any CPU
		{206577D3-4D0D-4B5F-AB26-6C036FDA369D}.Release|Any CPU.ActiveCfg = Release|Any CPU
		{206577D3-4D0D-4B5F-AB26-6C036FDA369D}.Release|Any CPU.Build.0 = Release|Any CPU
	EndGlobalSection
	GlobalSection(SolutionProperties) = preSolution
		HideSolutionNode = FALSE
	EndGlobalSection
	GlobalSection(ExtensibilityGlobals) = postSolution
		SolutionGuid = {508AD60A-E527-4157-AA0F-CF9AE47332B8}
	EndGlobalSection
EndGlobal
